{
  "name": "cryptedmail",
  "version": "0.1.0",
  "lockfileVersion": 3,
  "requires": true,
  "packages": {
    "": {
      "name": "cryptedmail",
      "version": "0.1.0",
      "dependencies": {
        "posthog-node": "^5.34.1"
      }
    },
    "node_modules/@posthog/core": {
      "version": "1.29.1",
      "resolved": "https://registry.npmjs.org/@posthog/core/-/core-1.29.1.tgz",
      "integrity": "sha512-q+/t/DZALr50YTE0dFgfGSS9EgwcyAlqsn+JS61wLkwdcDM5yu/YTDM8oMKmJupsyjSZlVkDuHZAMd4ab7AxzQ==",
      "license": "MIT",
      "dependencies": {
        "@posthog/types": "1.373.4"
      }
    },
    "node_modules/@posthog/types": {
      "version": "1.373.4",
      "resolved": "https://registry.npmjs.org/@posthog/types/-/types-1.373.4.tgz",
      "integrity": "sha512-n+0AbGRYYsbi+CQXQi2rF1lwTSyASlaogcw4YSkzB5KeMa4Y6nhNb7+TTnu9aVor+BycsQYCa2OsBrMMbaTekw==",
      "license": "MIT"
    },
    "node_modules/posthog-node": {
      "version": "5.34.1",
      "resolved": "https://registry.npmjs.org/posthog-node/-/posthog-node-5.34.1.tgz",
      "integrity": "sha512-kGl0kSfh2+Ey3KL5Sji3yv9W5xwPK9sTkINRoFqCh9fbYXWWY6Zwi5Psv2QmRcbYiMJBk/iecnoOKVDRRga6PA==",
      "license": "MIT",
      "dependencies": {
        "@posthog/core": "1.29.1"
      },
      "engines": {
        "node": "^20.20.0 || >=22.22.0"
      },
      "peerDependencies": {
        "rxjs": "^7.0.0"
      },
      "peerDependenciesMeta": {
        "rxjs": {
          "optional": true
        }
      }
    }
  }
}
